
Microsoft Visual Studio Solution File, Format Version 12.00
# Visual Studio 2015
Project("{FAE04EC0-301F-11D3-BF4B-00C04F79EFBC}") = "guess the block", "guess the block.csproj", "{521B50BD-8C52-4501-37F0-214D75B44E74}"
EndProject
Global
	GlobalSection(SolutionConfigurationPlatforms) = preSolution
		Debug|Any CPU = Debug|Any CPU
		Release|Any CPU = Release|Any CPU
	EndGlobalSection
	GlobalSection(ProjectConfigurationPlatforms) = postSolution
		{521B50BD-8C52-4501-37F0-214D75B44E74}.Debug|Any CPU.ActiveCfg = Debug|Any CPU
		{521B50BD-8C52-4501-37F0-214D75B44E74}.Debug|Any CPU.Build.0 = Debug|Any CPU
		{521B50BD-8C52-4501-37F0-214D75B44E74}.Release|Any CPU.ActiveCfg = Release|Any CPU
		{521B50BD-8C52-4501-37F0-214D75B44E74}.Release|Any CPU.Build.0 = Release|Any CPU
	EndGlobalSection
	GlobalSection(SolutionProperties) = preSolution
		HideSolutionNode = FALSE
	EndGlobalSection
EndGlobal
